
Microsoft Visual Studio Solution File, Format Version 12.00
# Visual Studio Version 16
VisualStudioVersion = 16.0.32002.261
MinimumVisualStudioVersion = 10.0.40219.1
Project("{FAE04EC0-301F-11D3-BF4B-00C04F79EFBC}") = "WingtipToys", "WingtipToys\WingtipToys.csproj", "{3193592A-3A93-4452-8C71-660E278598EE}"
EndProject
Global
	GlobalSection(SolutionConfigurationPlatforms) = preSolution
		Debug|Any CPU = Debug|Any CPU
		Release|Any CPU = Release|Any CPU
	EndGlobalSection
	GlobalSection(ProjectConfigurationPlatforms) = postSolution
		{3193592A-3A93-4452-8C71-660E278598EE}.Debug|Any CPU.ActiveCfg = Debug|Any CPU
		{3193592A-3A93-4452-8C71-660E278598EE}.Debug|Any CPU.Build.0 = Debug|Any CPU
		{3193592A-3A93-4452-8C71-660E278598EE}.Release|Any CPU.ActiveCfg = Release|Any CPU
		{3193592A-3A93-4452-8C71-660E278598EE}.Release|Any CPU.Build.0 = Release|Any CPU
	EndGlobalSection
	GlobalSection(SolutionProperties) = preSolution
		HideSolutionNode = FALSE
	EndGlobalSection
	GlobalSection(ExtensibilityGlobals) = postSolution
		SolutionGuid = {3F1CFCE3-7EEC-4D2B-B2F8-4834E88603E2}
	EndGlobalSection
EndGlobal
